{
  "pins" : [
    {
      "identity" : "gaugekit",
      "kind" : "remoteSourceControl",
      "location" : "https://github.com/antonmartinsson/gaugekit.git",
      "state" : {
        "branch" : "main",
        "revision" : "5ba704d677d234e0c0da051cff739c67d25a9c00"
      }
    }
  ],
  "version" : 2
}
